// !$*UTF8*$!
{
	archiveVersion = 1;
	classes = {
	};
	objectVersion = 55;
	objects = {

/* Begin PBXBuildFile section */
		700079082824B678004088F8 /* AppDelegate.swift in Sources */ = {isa = PBXBuildFile; fileRef = 700079072824B678004088F8 /* AppDelegate.swift */; };
		7000790A2824B678004088F8 /* SceneDelegate.swift in Sources */ = {isa = PBXBuildFile; fileRef = 700079092824B678004088F8 /* SceneDelegate.swift */; };
		7000790C2824B678004088F8 /* WeatherViewController.swift in Sources */ = {isa = PBXBuildFile; fileRef = 7000790B2824B678004088F8 /* WeatherViewController.swift */; };
		7000790F2824B678004088F8 /* Weather.storyboard in Resources */ = {isa = PBXBuildFile; fileRef = 7000790D2824B678004088F8 /* Weather.storyboard */; };
		700079112824B67A004088F8 /* Assets.xcassets in Resources */ = {isa = PBXBuildFile; fileRef = 700079102824B67A004088F8 /* Assets.xcassets */; };
		700079142824B67A004088F8 /* LaunchScreen.storyboard in Resources */ = {isa = PBXBuildFile; fileRef = 700079122824B67A004088F8 /* LaunchScreen.storyboard */; };
		7000791F2824B67A004088F8 /* Yumemi_ios_trainingTests.swift in Sources */ = {isa = PBXBuildFile; fileRef = 7000791E2824B67A004088F8 /* Yumemi_ios_trainingTests.swift */; };
		700079292824B67A004088F8 /* Yumemi_ios_trainingUITests.swift in Sources */ = {isa = PBXBuildFile; fileRef = 700079282824B67A004088F8 /* Yumemi_ios_trainingUITests.swift */; };
		7000792B2824B67A004088F8 /* Yumemi_ios_trainingUITestsLaunchTests.swift in Sources */ = {isa = PBXBuildFile; fileRef = 7000792A2824B67A004088F8 /* Yumemi_ios_trainingUITestsLaunchTests.swift */; };
		700079392824BA5D004088F8 /* YumemiWeather in Frameworks */ = {isa = PBXBuildFile; productRef = 700079382824BA5D004088F8 /* YumemiWeather */; };
		7000793C2824C44A004088F8 /* WeatherClient.swift in Sources */ = {isa = PBXBuildFile; fileRef = 7000793B2824C44A004088F8 /* WeatherClient.swift */; };
		7000793F2824C6C1004088F8 /* Weather.swift in Sources */ = {isa = PBXBuildFile; fileRef = 7000793E2824C6C1004088F8 /* Weather.swift */; };
		700079482824E78F004088F8 /* WeatherRepository.swift in Sources */ = {isa = PBXBuildFile; fileRef = 700079472824E78F004088F8 /* WeatherRepository.swift */; };
		700079502824F11D004088F8 /* WeatherImageConverter.swift in Sources */ = {isa = PBXBuildFile; fileRef = 7000794F2824F11D004088F8 /* WeatherImageConverter.swift */; };
		700079532824F985004088F8 /* DIContainer.swift in Sources */ = {isa = PBXBuildFile; fileRef = 700079522824F985004088F8 /* DIContainer.swift */; };
		70007957282509F4004088F8 /* APIError.swift in Sources */ = {isa = PBXBuildFile; fileRef = 70007956282509F4004088F8 /* APIError.swift */; };
		7000795B28250DA4004088F8 /* ErrorAlertBuilder.swift in Sources */ = {isa = PBXBuildFile; fileRef = 7000795A28250DA4004088F8 /* ErrorAlertBuilder.swift */; };
		700079682828DA7F004088F8 /* WeatherInfo.swift in Sources */ = {isa = PBXBuildFile; fileRef = 700079672828DA7F004088F8 /* WeatherInfo.swift */; };
		7000796B2828DABB004088F8 /* InfraWeatherInfo.swift in Sources */ = {isa = PBXBuildFile; fileRef = 7000796A2828DABB004088F8 /* InfraWeatherInfo.swift */; };
		700079702828DCE6004088F8 /* WeatherUIData.swift in Sources */ = {isa = PBXBuildFile; fileRef = 7000796F2828DCE6004088F8 /* WeatherUIData.swift */; };
		700079742828E62E004088F8 /* FetchParameter.swift in Sources */ = {isa = PBXBuildFile; fileRef = 700079732828E62E004088F8 /* FetchParameter.swift */; };
		702344D72849DDD800733557 /* MockWeatherPresenter.swift in Sources */ = {isa = PBXBuildFile; fileRef = 702344D62849DDD800733557 /* MockWeatherPresenter.swift */; };
		705E205B28727640005C6BA4 /* WeatherTableCell.xib in Resources */ = {isa = PBXBuildFile; fileRef = 705E205A28727640005C6BA4 /* WeatherTableCell.xib */; };
		705E205D2872764B005C6BA4 /* WeatherTableCell.swift in Sources */ = {isa = PBXBuildFile; fileRef = 705E205C2872764B005C6BA4 /* WeatherTableCell.swift */; };
		70B0C8C0282B4B60006EA7A2 /* LaunchViewController.swift in Sources */ = {isa = PBXBuildFile; fileRef = 70B0C8BF282B4B60006EA7A2 /* LaunchViewController.swift */; };
		70B0C8C2282B4B68006EA7A2 /* Launch.storyboard in Resources */ = {isa = PBXBuildFile; fileRef = 70B0C8C1282B4B68006EA7A2 /* Launch.storyboard */; };
		70BAA565283B4FC50034F789 /* WeatherInfoConverter.swift in Sources */ = {isa = PBXBuildFile; fileRef = 70BAA564283B4FC50034F789 /* WeatherInfoConverter.swift */; };
		70E6CFD8286589EE00DCC45D /* InfraAreaInfo.swift in Sources */ = {isa = PBXBuildFile; fileRef = 70E6CFD7286589EE00DCC45D /* InfraAreaInfo.swift */; };
		70E6CFDA28658A1F00DCC45D /* AreaInfoConverter.swift in Sources */ = {isa = PBXBuildFile; fileRef = 70E6CFD928658A1F00DCC45D /* AreaInfoConverter.swift */; };
		70E6CFDC28658A6800DCC45D /* AreaInfo.swift in Sources */ = {isa = PBXBuildFile; fileRef = 70E6CFDB28658A6800DCC45D /* AreaInfo.swift */; };
		70E6CFDE28658AF300DCC45D /* ListFetchParameter.swift in Sources */ = {isa = PBXBuildFile; fileRef = 70E6CFDD28658AF300DCC45D /* ListFetchParameter.swift */; };
		70E6CFE028658B4000DCC45D /* AreaData.swift in Sources */ = {isa = PBXBuildFile; fileRef = 70E6CFDF28658B4000DCC45D /* AreaData.swift */; };
		70E6CFE228658B9F00DCC45D /* AreaConverter.swift in Sources */ = {isa = PBXBuildFile; fileRef = 70E6CFE128658B9F00DCC45D /* AreaConverter.swift */; };
/* End PBXBuildFile section */

/* Begin PBXContainerItemProxy section */
		7000791B2824B67A004088F8 /* PBXContainerItemProxy */ = {
			isa = PBXContainerItemProxy;
			containerPortal = 700078FC2824B678004088F8 /* Project object */;
			proxyType = 1;
			remoteGlobalIDString = 700079032824B678004088F8;
			remoteInfo = "Yumemi-ios-training";
		};
		700079252824B67A004088F8 /* PBXContainerItemProxy */ = {
			isa = PBXContainerItemProxy;
			containerPortal = 700078FC2824B678004088F8 /* Project object */;
			proxyType = 1;
			remoteGlobalIDString = 700079032824B678004088F8;
			remoteInfo = "Yumemi-ios-training";
		};
/* End PBXContainerItemProxy section */

/* Begin PBXFileReference section */
		700079042824B678004088F8 /* Yumemi-ios-training.app */ = {isa = PBXFileReference; explicitFileType = wrapper.application; includeInIndex = 0; path = "Yumemi-ios-training.app"; sourceTree = BUILT_PRODUCTS_DIR; };
		700079072824B678004088F8 /* AppDelegate.swift */ = {isa = PBXFileReference; lastKnownFileType = sourcecode.swift; path = AppDelegate.swift; sourceTree = "<group>"; };
		700079092824B678004088F8 /* SceneDelegate.swift */ = {isa = PBXFileReference; lastKnownFileType = sourcecode.swift; path = SceneDelegate.swift; sourceTree = "<group>"; };
		7000790B2824B678004088F8 /* WeatherViewController.swift */ = {isa = PBXFileReference; lastKnownFileType = sourcecode.swift; path = WeatherViewController.swift; sourceTree = "<group>"; };
		7000790E2824B678004088F8 /* Base */ = {isa = PBXFileReference; lastKnownFileType = file.storyboard; name = Base; path = Base.lproj/Weather.storyboard; sourceTree = "<group>"; };
		700079102824B67A004088F8 /* Assets.xcassets */ = {isa = PBXFileReference; lastKnownFileType = folder.assetcatalog; path = Assets.xcassets; sourceTree = "<group>"; };
		700079132824B67A004088F8 /* Base */ = {isa = PBXFileReference; lastKnownFileType = file.storyboard; name = Base; path = Base.lproj/LaunchScreen.storyboard; sourceTree = "<group>"; };
		700079152824B67A004088F8 /* Info.plist */ = {isa = PBXFileReference; lastKnownFileType = text.plist.xml; path = Info.plist; sourceTree = "<group>"; };
		7000791A2824B67A004088F8 /* Yumemi-ios-trainingTests.xctest */ = {isa = PBXFileReference; explicitFileType = wrapper.cfbundle; includeInIndex = 0; path = "Yumemi-ios-trainingTests.xctest"; sourceTree = BUILT_PRODUCTS_DIR; };
		7000791E2824B67A004088F8 /* Yumemi_ios_trainingTests.swift */ = {isa = PBXFileReference; lastKnownFileType = sourcecode.swift; path = Yumemi_ios_trainingTests.swift; sourceTree = "<group>"; };
		700079242824B67A004088F8 /* Yumemi-ios-trainingUITests.xctest */ = {isa = PBXFileReference; explicitFileType = wrapper.cfbundle; includeInIndex = 0; path = "Yumemi-ios-trainingUITests.xctest"; sourceTree = BUILT_PRODUCTS_DIR; };
		700079282824B67A004088F8 /* Yumemi_ios_trainingUITests.swift */ = {isa = PBXFileReference; lastKnownFileType = sourcecode.swift; path = Yumemi_ios_trainingUITests.swift; sourceTree = "<group>"; };
		7000792A2824B67A004088F8 /* Yumemi_ios_trainingUITestsLaunchTests.swift */ = {isa = PBXFileReference; lastKnownFileType = sourcecode.swift; path = Yumemi_ios_trainingUITestsLaunchTests.swift; sourceTree = "<group>"; };
		7000793B2824C44A004088F8 /* WeatherClient.swift */ = {isa = PBXFileReference; lastKnownFileType = sourcecode.swift; path = WeatherClient.swift; sourceTree = "<group>"; };
		7000793E2824C6C1004088F8 /* Weather.swift */ = {isa = PBXFileReference; lastKnownFileType = sourcecode.swift; path = Weather.swift; sourceTree = "<group>"; };
		700079472824E78F004088F8 /* WeatherRepository.swift */ = {isa = PBXFileReference; lastKnownFileType = sourcecode.swift; path = WeatherRepository.swift; sourceTree = "<group>"; };
		7000794F2824F11D004088F8 /* WeatherImageConverter.swift */ = {isa = PBXFileReference; lastKnownFileType = sourcecode.swift; path = WeatherImageConverter.swift; sourceTree = "<group>"; };
		700079522824F985004088F8 /* DIContainer.swift */ = {isa = PBXFileReference; lastKnownFileType = sourcecode.swift; path = DIContainer.swift; sourceTree = "<group>"; };
		70007956282509F4004088F8 /* APIError.swift */ = {isa = PBXFileReference; lastKnownFileType = sourcecode.swift; path = APIError.swift; sourceTree = "<group>"; };
		7000795A28250DA4004088F8 /* ErrorAlertBuilder.swift */ = {isa = PBXFileReference; lastKnownFileType = sourcecode.swift; path = ErrorAlertBuilder.swift; sourceTree = "<group>"; };
		700079672828DA7F004088F8 /* WeatherInfo.swift */ = {isa = PBXFileReference; lastKnownFileType = sourcecode.swift; path = WeatherInfo.swift; sourceTree = "<group>"; };
		7000796A2828DABB004088F8 /* InfraWeatherInfo.swift */ = {isa = PBXFileReference; lastKnownFileType = sourcecode.swift; path = InfraWeatherInfo.swift; sourceTree = "<group>"; };
		7000796F2828DCE6004088F8 /* WeatherUIData.swift */ = {isa = PBXFileReference; lastKnownFileType = sourcecode.swift; path = WeatherUIData.swift; sourceTree = "<group>"; };
		700079732828E62E004088F8 /* FetchParameter.swift */ = {isa = PBXFileReference; lastKnownFileType = sourcecode.swift; path = FetchParameter.swift; sourceTree = "<group>"; };
		702344D62849DDD800733557 /* MockWeatherPresenter.swift */ = {isa = PBXFileReference; lastKnownFileType = sourcecode.swift; path = MockWeatherPresenter.swift; sourceTree = "<group>"; };
		705E205A28727640005C6BA4 /* WeatherTableCell.xib */ = {isa = PBXFileReference; lastKnownFileType = file.xib; path = WeatherTableCell.xib; sourceTree = "<group>"; };
		705E205C2872764B005C6BA4 /* WeatherTableCell.swift */ = {isa = PBXFileReference; lastKnownFileType = sourcecode.swift; path = WeatherTableCell.swift; sourceTree = "<group>"; };
		70B0C8BF282B4B60006EA7A2 /* LaunchViewController.swift */ = {isa = PBXFileReference; lastKnownFileType = sourcecode.swift; path = LaunchViewController.swift; sourceTree = "<group>"; };
		70B0C8C1282B4B68006EA7A2 /* Launch.storyboard */ = {isa = PBXFileReference; lastKnownFileType = file.storyboard; path = Launch.storyboard; sourceTree = "<group>"; };
		70BAA564283B4FC50034F789 /* WeatherInfoConverter.swift */ = {isa = PBXFileReference; lastKnownFileType = sourcecode.swift; path = WeatherInfoConverter.swift; sourceTree = "<group>"; };
		70E6CFD7286589EE00DCC45D /* InfraAreaInfo.swift */ = {isa = PBXFileReference; lastKnownFileType = sourcecode.swift; path = InfraAreaInfo.swift; sourceTree = "<group>"; };
		70E6CFD928658A1F00DCC45D /* AreaInfoConverter.swift */ = {isa = PBXFileReference; lastKnownFileType = sourcecode.swift; path = AreaInfoConverter.swift; sourceTree = "<group>"; };
		70E6CFDB28658A6800DCC45D /* AreaInfo.swift */ = {isa = PBXFileReference; lastKnownFileType = sourcecode.swift; path = AreaInfo.swift; sourceTree = "<group>"; };
		70E6CFDD28658AF300DCC45D /* ListFetchParameter.swift */ = {isa = PBXFileReference; lastKnownFileType = sourcecode.swift; path = ListFetchParameter.swift; sourceTree = "<group>"; };
		70E6CFDF28658B4000DCC45D /* AreaData.swift */ = {isa = PBXFileReference; lastKnownFileType = sourcecode.swift; path = AreaData.swift; sourceTree = "<group>"; };
		70E6CFE128658B9F00DCC45D /* AreaConverter.swift */ = {isa = PBXFileReference; lastKnownFileType = sourcecode.swift; path = AreaConverter.swift; sourceTree = "<group>"; };
/* End PBXFileReference section */

/* Begin PBXFrameworksBuildPhase section */
		700079012824B678004088F8 /* Frameworks */ = {
			isa = PBXFrameworksBuildPhase;
			buildActionMask = 2147483647;
			files = (
				700079392824BA5D004088F8 /* YumemiWeather in Frameworks */,
			);
			runOnlyForDeploymentPostprocessing = 0;
		};
		700079172824B67A004088F8 /* Frameworks */ = {
			isa = PBXFrameworksBuildPhase;
			buildActionMask = 2147483647;
			files = (
			);
			runOnlyForDeploymentPostprocessing = 0;
		};
		700079212824B67A004088F8 /* Frameworks */ = {
			isa = PBXFrameworksBuildPhase;
			buildActionMask = 2147483647;
			files = (
			);
			runOnlyForDeploymentPostprocessing = 0;
		};
/* End PBXFrameworksBuildPhase section */

/* Begin PBXGroup section */
		700078FB2824B678004088F8 = {
			isa = PBXGroup;
			children = (
				700079062824B678004088F8 /* Yumemi-ios-training */,
				7000791D2824B67A004088F8 /* Yumemi-ios-trainingTests */,
				700079272824B67A004088F8 /* Yumemi-ios-trainingUITests */,
				700079052824B678004088F8 /* Products */,
			);
			sourceTree = "<group>";
		};
		700079052824B678004088F8 /* Products */ = {
			isa = PBXGroup;
			children = (
				700079042824B678004088F8 /* Yumemi-ios-training.app */,
				7000791A2824B67A004088F8 /* Yumemi-ios-trainingTests.xctest */,
				700079242824B67A004088F8 /* Yumemi-ios-trainingUITests.xctest */,
			);
			name = Products;
			sourceTree = "<group>";
		};
		700079062824B678004088F8 /* Yumemi-ios-training */ = {
			isa = PBXGroup;
			children = (
				700079512824F8BE004088F8 /* DIContainer */,
				7000796E2828DCCE004088F8 /* UIModel */,
				700079692828DA8B004088F8 /* InfraObject */,
				7000795828250D91004088F8 /* Mapper */,
				7000794B2824EDA4004088F8 /* Model */,
				700079452824E5CF004088F8 /* Repository */,
				700079402824E38C004088F8 /* View */,
				7000793D2824C6B4004088F8 /* ValueObject */,
				7000793A2824C434004088F8 /* Client */,
				700079072824B678004088F8 /* AppDelegate.swift */,
				700079092824B678004088F8 /* SceneDelegate.swift */,
				700079102824B67A004088F8 /* Assets.xcassets */,
				700079122824B67A004088F8 /* LaunchScreen.storyboard */,
				700079152824B67A004088F8 /* Info.plist */,
			);
			path = "Yumemi-ios-training";
			sourceTree = "<group>";
		};
		7000791D2824B67A004088F8 /* Yumemi-ios-trainingTests */ = {
			isa = PBXGroup;
			children = (
				702344BC283F728E00733557 /* Mock */,
				7000791E2824B67A004088F8 /* Yumemi_ios_trainingTests.swift */,
			);
			path = "Yumemi-ios-trainingTests";
			sourceTree = "<group>";
		};
		700079272824B67A004088F8 /* Yumemi-ios-trainingUITests */ = {
			isa = PBXGroup;
			children = (
				700079282824B67A004088F8 /* Yumemi_ios_trainingUITests.swift */,
				7000792A2824B67A004088F8 /* Yumemi_ios_trainingUITestsLaunchTests.swift */,
			);
			path = "Yumemi-ios-trainingUITests";
			sourceTree = "<group>";
		};
		7000793A2824C434004088F8 /* Client */ = {
			isa = PBXGroup;
			children = (
				7000793B2824C44A004088F8 /* WeatherClient.swift */,
			);
			path = Client;
			sourceTree = "<group>";
		};
		7000793D2824C6B4004088F8 /* ValueObject */ = {
			isa = PBXGroup;
			children = (
				7000793E2824C6C1004088F8 /* Weather.swift */,
			);
			path = ValueObject;
			sourceTree = "<group>";
		};
		700079402824E38C004088F8 /* View */ = {
			isa = PBXGroup;
			children = (
				70E6CFE528658E1500DCC45D /* TableVIewCell */,
				70B0C8BC282B4AC9006EA7A2 /* Launch */,
				700079412824E396004088F8 /* Main */,
			);
			path = View;
			sourceTree = "<group>";
		};
		700079412824E396004088F8 /* Main */ = {
			isa = PBXGroup;
			children = (
				7000790B2824B678004088F8 /* WeatherViewController.swift */,
				7000790D2824B678004088F8 /* Weather.storyboard */,
			);
			path = Main;
			sourceTree = "<group>";
		};
		700079452824E5CF004088F8 /* Repository */ = {
			isa = PBXGroup;
			children = (
				700079472824E78F004088F8 /* WeatherRepository.swift */,
			);
			path = Repository;
			sourceTree = "<group>";
		};
		7000794B2824EDA4004088F8 /* Model */ = {
			isa = PBXGroup;
			children = (
				70007956282509F4004088F8 /* APIError.swift */,
				700079672828DA7F004088F8 /* WeatherInfo.swift */,
				700079732828E62E004088F8 /* FetchParameter.swift */,
				70E6CFDB28658A6800DCC45D /* AreaInfo.swift */,
				70E6CFDD28658AF300DCC45D /* ListFetchParameter.swift */,
			);
			path = Model;
			sourceTree = "<group>";
		};
		7000794E2824F112004088F8 /* Converter */ = {
			isa = PBXGroup;
			children = (
				7000794F2824F11D004088F8 /* WeatherImageConverter.swift */,
				70BAA564283B4FC50034F789 /* WeatherInfoConverter.swift */,
				70E6CFD928658A1F00DCC45D /* AreaInfoConverter.swift */,
				70E6CFE128658B9F00DCC45D /* AreaConverter.swift */,
			);
			path = Converter;
			sourceTree = "<group>";
		};
		700079512824F8BE004088F8 /* DIContainer */ = {
			isa = PBXGroup;
			children = (
				700079522824F985004088F8 /* DIContainer.swift */,
			);
			path = DIContainer;
			sourceTree = "<group>";
		};
		7000795828250D91004088F8 /* Mapper */ = {
			isa = PBXGroup;
			children = (
				7000795928250D98004088F8 /* Generator */,
				7000794E2824F112004088F8 /* Converter */,
			);
			path = Mapper;
			sourceTree = "<group>";
		};
		7000795928250D98004088F8 /* Generator */ = {
			isa = PBXGroup;
			children = (
				7000795A28250DA4004088F8 /* ErrorAlertBuilder.swift */,
			);
			path = Generator;
			sourceTree = "<group>";
		};
		700079692828DA8B004088F8 /* InfraObject */ = {
			isa = PBXGroup;
			children = (
				7000796A2828DABB004088F8 /* InfraWeatherInfo.swift */,
				70E6CFD7286589EE00DCC45D /* InfraAreaInfo.swift */,
			);
			path = InfraObject;
			sourceTree = "<group>";
		};
		7000796E2828DCCE004088F8 /* UIModel */ = {
			isa = PBXGroup;
			children = (
				7000796F2828DCE6004088F8 /* WeatherUIData.swift */,
				70E6CFDF28658B4000DCC45D /* AreaData.swift */,
			);
			path = UIModel;
			sourceTree = "<group>";
		};
		702344BC283F728E00733557 /* Mock */ = {
			isa = PBXGroup;
			children = (
				702344D62849DDD800733557 /* MockWeatherPresenter.swift */,
			);
			path = Mock;
			sourceTree = "<group>";
		};
		70B0C8BC282B4AC9006EA7A2 /* Launch */ = {
			isa = PBXGroup;
			children = (
				70B0C8BF282B4B60006EA7A2 /* LaunchViewController.swift */,
				70B0C8C1282B4B68006EA7A2 /* Launch.storyboard */,
			);
			path = Launch;
			sourceTree = "<group>";
		};
		70E6CFE528658E1500DCC45D /* TableVIewCell */ = {
			isa = PBXGroup;
			children = (
				705E205A28727640005C6BA4 /* WeatherTableCell.xib */,
				705E205C2872764B005C6BA4 /* WeatherTableCell.swift */,
			);
			path = TableVIewCell;
			sourceTree = "<group>";
		};
/* End PBXGroup section */

/* Begin PBXNativeTarget section */
		700079032824B678004088F8 /* Yumemi-ios-training */ = {
			isa = PBXNativeTarget;
			buildConfigurationList = 7000792E2824B67A004088F8 /* Build configuration list for PBXNativeTarget "Yumemi-ios-training" */;
			buildPhases = (
				700079002824B678004088F8 /* Sources */,
				700079012824B678004088F8 /* Frameworks */,
				700079022824B678004088F8 /* Resources */,
			);
			buildRules = (
			);
			dependencies = (
			);
			name = "Yumemi-ios-training";
			packageProductDependencies = (
				700079382824BA5D004088F8 /* YumemiWeather */,
			);
			productName = "Yumemi-ios-training";
			productReference = 700079042824B678004088F8 /* Yumemi-ios-training.app */;
			productType = "com.apple.product-type.application";
		};
		700079192824B67A004088F8 /* Yumemi-ios-trainingTests */ = {
			isa = PBXNativeTarget;
			buildConfigurationList = 700079312824B67A004088F8 /* Build configuration list for PBXNativeTarget "Yumemi-ios-trainingTests" */;
			buildPhases = (
				700079162824B67A004088F8 /* Sources */,
				700079172824B67A004088F8 /* Frameworks */,
				700079182824B67A004088F8 /* Resources */,
			);
			buildRules = (
			);
			dependencies = (
				7000791C2824B67A004088F8 /* PBXTargetDependency */,
			);
			name = "Yumemi-ios-trainingTests";
			productName = "Yumemi-ios-trainingTests";
			productReference = 7000791A2824B67A004088F8 /* Yumemi-ios-trainingTests.xctest */;
			productType = "com.apple.product-type.bundle.unit-test";
		};
		700079232824B67A004088F8 /* Yumemi-ios-trainingUITests */ = {
			isa = PBXNativeTarget;
			buildConfigurationList = 700079342824B67A004088F8 /* Build configuration list for PBXNativeTarget "Yumemi-ios-trainingUITests" */;
			buildPhases = (
				700079202824B67A004088F8 /* Sources */,
				700079212824B67A004088F8 /* Frameworks */,
				700079222824B67A004088F8 /* Resources */,
			);
			buildRules = (
			);
			dependencies = (
				700079262824B67A004088F8 /* PBXTargetDependency */,
			);
			name = "Yumemi-ios-trainingUITests";
			productName = "Yumemi-ios-trainingUITests";
			productReference = 700079242824B67A004088F8 /* Yumemi-ios-trainingUITests.xctest */;
			productType = "com.apple.product-type.bundle.ui-testing";
		};
/* End PBXNativeTarget section */

/* Begin PBXProject section */
		700078FC2824B678004088F8 /* Project object */ = {
			isa = PBXProject;
			attributes = {
				BuildIndependentTargetsInParallel = 1;
				LastSwiftUpdateCheck = 1330;
				LastUpgradeCheck = 1330;
				TargetAttributes = {
					700079032824B678004088F8 = {
						CreatedOnToolsVersion = 13.3.1;
					};
					700079192824B67A004088F8 = {
						CreatedOnToolsVersion = 13.3.1;
						TestTargetID = 700079032824B678004088F8;
					};
					700079232824B67A004088F8 = {
						CreatedOnToolsVersion = 13.3.1;
						TestTargetID = 700079032824B678004088F8;
					};
				};
			};
			buildConfigurationList = 700078FF2824B678004088F8 /* Build configuration list for PBXProject "Yumemi-ios-training" */;
			compatibilityVersion = "Xcode 13.0";
			developmentRegion = en;
			hasScannedForEncodings = 0;
			knownRegions = (
				en,
				Base,
			);
			mainGroup = 700078FB2824B678004088F8;
			packageReferences = (
				700079372824BA5D004088F8 /* XCRemoteSwiftPackageReference "ios-training" */,
			);
			productRefGroup = 700079052824B678004088F8 /* Products */;
			projectDirPath = "";
			projectRoot = "";
			targets = (
				700079032824B678004088F8 /* Yumemi-ios-training */,
				700079192824B67A004088F8 /* Yumemi-ios-trainingTests */,
				700079232824B67A004088F8 /* Yumemi-ios-trainingUITests */,
			);
		};
/* End PBXProject section */

/* Begin PBXResourcesBuildPhase section */
		700079022824B678004088F8 /* Resources */ = {
			isa = PBXResourcesBuildPhase;
			buildActionMask = 2147483647;
			files = (
				700079142824B67A004088F8 /* LaunchScreen.storyboard in Resources */,
				705E205B28727640005C6BA4 /* WeatherTableCell.xib in Resources */,
				700079112824B67A004088F8 /* Assets.xcassets in Resources */,
				7000790F2824B678004088F8 /* Weather.storyboard in Resources */,
				70B0C8C2282B4B68006EA7A2 /* Launch.storyboard in Resources */,
			);
			runOnlyForDeploymentPostprocessing = 0;
		};
		700079182824B67A004088F8 /* Resources */ = {
			isa = PBXResourcesBuildPhase;
			buildActionMask = 2147483647;
			files = (
			);
			runOnlyForDeploymentPostprocessing = 0;
		};
		700079222824B67A004088F8 /* Resources */ = {
			isa = PBXResourcesBuildPhase;
			buildActionMask = 2147483647;
			files = (
			);
			runOnlyForDeploymentPostprocessing = 0;
		};
/* End PBXResourcesBuildPhase section */

/* Begin PBXSourcesBuildPhase section */
		700079002824B678004088F8 /* Sources */ = {
			isa = PBXSourcesBuildPhase;
			buildActionMask = 2147483647;
			files = (
				700079682828DA7F004088F8 /* WeatherInfo.swift in Sources */,
				700079482824E78F004088F8 /* WeatherRepository.swift in Sources */,
				70E6CFDC28658A6800DCC45D /* AreaInfo.swift in Sources */,
				70E6CFDA28658A1F00DCC45D /* AreaInfoConverter.swift in Sources */,
				70E6CFE028658B4000DCC45D /* AreaData.swift in Sources */,
				70BAA565283B4FC50034F789 /* WeatherInfoConverter.swift in Sources */,
				705E205D2872764B005C6BA4 /* WeatherTableCell.swift in Sources */,
				7000790C2824B678004088F8 /* WeatherViewController.swift in Sources */,
				7000795B28250DA4004088F8 /* ErrorAlertBuilder.swift in Sources */,
				70E6CFD8286589EE00DCC45D /* InfraAreaInfo.swift in Sources */,
				700079742828E62E004088F8 /* FetchParameter.swift in Sources */,
				7000793C2824C44A004088F8 /* WeatherClient.swift in Sources */,
				700079082824B678004088F8 /* AppDelegate.swift in Sources */,
				7000790A2824B678004088F8 /* SceneDelegate.swift in Sources */,
				700079532824F985004088F8 /* DIContainer.swift in Sources */,
				70B0C8C0282B4B60006EA7A2 /* LaunchViewController.swift in Sources */,
				700079502824F11D004088F8 /* WeatherImageConverter.swift in Sources */,
				700079702828DCE6004088F8 /* WeatherUIData.swift in Sources */,
				7000793F2824C6C1004088F8 /* Weather.swift in Sources */,
				70007957282509F4004088F8 /* APIError.swift in Sources */,
				70E6CFDE28658AF300DCC45D /* ListFetchParameter.swift in Sources */,
				7000796B2828DABB004088F8 /* InfraWeatherInfo.swift in Sources */,
				70E6CFE228658B9F00DCC45D /* AreaConverter.swift in Sources */,
			);
			runOnlyForDeploymentPostprocessing = 0;
		};
		700079162824B67A004088F8 /* Sources */ = {
			isa = PBXSourcesBuildPhase;
			buildActionMask = 2147483647;
			files = (
				7000791F2824B67A004088F8 /* Yumemi_ios_trainingTests.swift in Sources */,
				702344D72849DDD800733557 /* MockWeatherPresenter.swift in Sources */,
			);
			runOnlyForDeploymentPostprocessing = 0;
		};
		700079202824B67A004088F8 /* Sources */ = {
			isa = PBXSourcesBuildPhase;
			buildActionMask = 2147483647;
			files = (
				7000792B2824B67A004088F8 /* Yumemi_ios_trainingUITestsLaunchTests.swift in Sources */,
				700079292824B67A004088F8 /* Yumemi_ios_trainingUITests.swift in Sources */,
			);
			runOnlyForDeploymentPostprocessing = 0;
		};
/* End PBXSourcesBuildPhase section */

/* Begin PBXTargetDependency section */
		7000791C2824B67A004088F8 /* PBXTargetDependency */ = {
			isa = PBXTargetDependency;
			target = 700079032824B678004088F8 /* Yumemi-ios-training */;
			targetProxy = 7000791B2824B67A004088F8 /* PBXContainerItemProxy */;
		};
		700079262824B67A004088F8 /* PBXTargetDependency */ = {
			isa = PBXTargetDependency;
			target = 700079032824B678004088F8 /* Yumemi-ios-training */;
			targetProxy = 700079252824B67A004088F8 /* PBXContainerItemProxy */;
		};
/* End PBXTargetDependency section */

/* Begin PBXVariantGroup section */
		7000790D2824B678004088F8 /* Weather.storyboard */ = {
			isa = PBXVariantGroup;
			children = (
				7000790E2824B678004088F8 /* Base */,
			);
			name = Weather.storyboard;
			sourceTree = "<group>";
		};
		700079122824B67A004088F8 /* LaunchScreen.storyboard */ = {
			isa = PBXVariantGroup;
			children = (
				700079132824B67A004088F8 /* Base */,
			);
			name = LaunchScreen.storyboard;
			sourceTree = "<group>";
		};
/* End PBXVariantGroup section */

/* Begin XCBuildConfiguration section */
		7000792C2824B67A004088F8 /* Debug */ = {
			isa = XCBuildConfiguration;
			buildSettings = {
				ALWAYS_SEARCH_USER_PATHS = NO;
				CLANG_ANALYZER_NONNULL = YES;
				CLANG_ANALYZER_NUMBER_OBJECT_CONVERSION = YES_AGGRESSIVE;
				CLANG_CXX_LANGUAGE_STANDARD = "gnu++17";
				CLANG_ENABLE_MODULES = YES;
				CLANG_ENABLE_OBJC_ARC = YES;
				CLANG_ENABLE_OBJC_WEAK = YES;
				CLANG_WARN_BLOCK_CAPTURE_AUTORELEASING = YES;
				CLANG_WARN_BOOL_CONVERSION = YES;
				CLANG_WARN_COMMA = YES;
				CLANG_WARN_CONSTANT_CONVERSION = YES;
				CLANG_WARN_DEPRECATED_OBJC_IMPLEMENTATIONS = YES;
				CLANG_WARN_DIRECT_OBJC_ISA_USAGE = YES_ERROR;
				CLANG_WARN_DOCUMENTATION_COMMENTS = YES;
				CLANG_WARN_EMPTY_BODY = YES;
				CLANG_WARN_ENUM_CONVERSION = YES;
				CLANG_WARN_INFINITE_RECURSION = YES;
				CLANG_WARN_INT_CONVERSION = YES;
				CLANG_WARN_NON_LITERAL_NULL_CONVERSION = YES;
				CLANG_WARN_OBJC_IMPLICIT_RETAIN_SELF = YES;
				CLANG_WARN_OBJC_LITERAL_CONVERSION = YES;
				CLANG_WARN_OBJC_ROOT_CLASS = YES_ERROR;
				CLANG_WARN_QUOTED_INCLUDE_IN_FRAMEWORK_HEADER = YES;
				CLANG_WARN_RANGE_LOOP_ANALYSIS = YES;
				CLANG_WARN_STRICT_PROTOTYPES = YES;
				CLANG_WARN_SUSPICIOUS_MOVE = YES;
				CLANG_WARN_UNGUARDED_AVAILABILITY = YES_AGGRESSIVE;
				CLANG_WARN_UNREACHABLE_CODE = YES;
				CLANG_WARN__DUPLICATE_METHOD_MATCH = YES;
				COPY_PHASE_STRIP = NO;
				DEBUG_INFORMATION_FORMAT = dwarf;
				ENABLE_STRICT_OBJC_MSGSEND = YES;
				ENABLE_TESTABILITY = YES;
				GCC_C_LANGUAGE_STANDARD = gnu11;
				GCC_DYNAMIC_NO_PIC = NO;
				GCC_NO_COMMON_BLOCKS = YES;
				GCC_OPTIMIZATION_LEVEL = 0;
				GCC_PREPROCESSOR_DEFINITIONS = (
					"DEBUG=1",
					"$(inherited)",
				);
				GCC_WARN_64_TO_32_BIT_CONVERSION = YES;
				GCC_WARN_ABOUT_RETURN_TYPE = YES_ERROR;
				GCC_WARN_UNDECLARED_SELECTOR = YES;
				GCC_WARN_UNINITIALIZED_AUTOS = YES_AGGRESSIVE;
				GCC_WARN_UNUSED_FUNCTION = YES;
				GCC_WARN_UNUSED_VARIABLE = YES;
				IPHONEOS_DEPLOYMENT_TARGET = 15.4;
				MTL_ENABLE_DEBUG_INFO = INCLUDE_SOURCE;
				MTL_FAST_MATH = YES;
				ONLY_ACTIVE_ARCH = YES;
				SDKROOT = iphoneos;
				SWIFT_ACTIVE_COMPILATION_CONDITIONS = DEBUG;
				SWIFT_OPTIMIZATION_LEVEL = "-Onone";
			};
			name = Debug;
		};
		7000792D2824B67A004088F8 /* Release */ = {
			isa = XCBuildConfiguration;
			buildSettings = {
				ALWAYS_SEARCH_USER_PATHS = NO;
				CLANG_ANALYZER_NONNULL = YES;
				CLANG_ANALYZER_NUMBER_OBJECT_CONVERSION = YES_AGGRESSIVE;
				CLANG_CXX_LANGUAGE_STANDARD = "gnu++17";
				CLANG_ENABLE_MODULES = YES;
				CLANG_ENABLE_OBJC_ARC = YES;
				CLANG_ENABLE_OBJC_WEAK = YES;
				CLANG_WARN_BLOCK_CAPTURE_AUTORELEASING = YES;
				CLANG_WARN_BOOL_CONVERSION = YES;
				CLANG_WARN_COMMA = YES;
				CLANG_WARN_CONSTANT_CONVERSION = YES;
				CLANG_WARN_DEPRECATED_OBJC_IMPLEMENTATIONS = YES;
				CLANG_WARN_DIRECT_OBJC_ISA_USAGE = YES_ERROR;
				CLANG_WARN_DOCUMENTATION_COMMENTS = YES;
				CLANG_WARN_EMPTY_BODY = YES;
				CLANG_WARN_ENUM_CONVERSION = YES;
				CLANG_WARN_INFINITE_RECURSION = YES;
				CLANG_WARN_INT_CONVERSION = YES;
				CLANG_WARN_NON_LITERAL_NULL_CONVERSION = YES;
				CLANG_WARN_OBJC_IMPLICIT_RETAIN_SELF = YES;
				CLANG_WARN_OBJC_LITERAL_CONVERSION = YES;
				CLANG_WARN_OBJC_ROOT_CLASS = YES_ERROR;
				CLANG_WARN_QUOTED_INCLUDE_IN_FRAMEWORK_HEADER = YES;
				CLANG_WARN_RANGE_LOOP_ANALYSIS = YES;
				CLANG_WARN_STRICT_PROTOTYPES = YES;
				CLANG_WARN_SUSPICIOUS_MOVE = YES;
				CLANG_WARN_UNGUARDED_AVAILABILITY = YES_AGGRESSIVE;
				CLANG_WARN_UNREACHABLE_CODE = YES;
				CLANG_WARN__DUPLICATE_METHOD_MATCH = YES;
				COPY_PHASE_STRIP = NO;
				DEBUG_INFORMATION_FORMAT = "dwarf-with-dsym";
				ENABLE_NS_ASSERTIONS = NO;
				ENABLE_STRICT_OBJC_MSGSEND = YES;
				GCC_C_LANGUAGE_STANDARD = gnu11;
				GCC_NO_COMMON_BLOCKS = YES;
				GCC_WARN_64_TO_32_BIT_CONVERSION = YES;
				GCC_WARN_ABOUT_RETURN_TYPE = YES_ERROR;
				GCC_WARN_UNDECLARED_SELECTOR = YES;
				GCC_WARN_UNINITIALIZED_AUTOS = YES_AGGRESSIVE;
				GCC_WARN_UNUSED_FUNCTION = YES;
				GCC_WARN_UNUSED_VARIABLE = YES;
				IPHONEOS_DEPLOYMENT_TARGET = 15.4;
				MTL_ENABLE_DEBUG_INFO = NO;
				MTL_FAST_MATH = YES;
				SDKROOT = iphoneos;
				SWIFT_COMPILATION_MODE = wholemodule;
				SWIFT_OPTIMIZATION_LEVEL = "-O";
				VALIDATE_PRODUCT = YES;
			};
			name = Release;
		};
		7000792F2824B67A004088F8 /* Debug */ = {
			isa = XCBuildConfiguration;
			buildSettings = {
				ASSETCATALOG_COMPILER_APPICON_NAME = AppIcon;
				ASSETCATALOG_COMPILER_GLOBAL_ACCENT_COLOR_NAME = AccentColor;
				CODE_SIGN_STYLE = Automatic;
				CURRENT_PROJECT_VERSION = 1;
				DEVELOPMENT_TEAM = M4DFJLV2VG;
				GENERATE_INFOPLIST_FILE = YES;
				INFOPLIST_FILE = "Yumemi-ios-training/Info.plist";
				INFOPLIST_KEY_UIApplicationSupportsIndirectInputEvents = YES;
				INFOPLIST_KEY_UILaunchStoryboardName = LaunchScreen;
				INFOPLIST_KEY_UIMainStoryboardFile = Launch;
				INFOPLIST_KEY_UISupportedInterfaceOrientations_iPad = "UIInterfaceOrientationPortrait UIInterfaceOrientationPortraitUpsideDown UIInterfaceOrientationLandscapeLeft UIInterfaceOrientationLandscapeRight";
				INFOPLIST_KEY_UISupportedInterfaceOrientations_iPhone = "UIInterfaceOrientationPortrait UIInterfaceOrientationLandscapeLeft UIInterfaceOrientationLandscapeRight";
				LD_RUNPATH_SEARCH_PATHS = (
					"$(inherited)",
					"@executable_path/Frameworks",
				);
				MARKETING_VERSION = 1.0;
				PRODUCT_BUNDLE_IDENTIFIER = "com.gmail.daikiumehara3.Yumemi-ios-training";
				PRODUCT_NAME = "$(TARGET_NAME)";
				SWIFT_EMIT_LOC_STRINGS = YES;
				SWIFT_VERSION = 5.0;
				TARGETED_DEVICE_FAMILY = "1,2";
			};
			name = Debug;
		};
		700079302824B67A004088F8 /* Release */ = {
			isa = XCBuildConfiguration;
			buildSettings = {
				ASSETCATALOG_COMPILER_APPICON_NAME = AppIcon;
				ASSETCATALOG_COMPILER_GLOBAL_ACCENT_COLOR_NAME = AccentColor;
				CODE_SIGN_STYLE = Automatic;
				CURRENT_PROJECT_VERSION = 1;
				DEVELOPMENT_TEAM = M4DFJLV2VG;
				GENERATE_INFOPLIST_FILE = YES;
				INFOPLIST_FILE = "Yumemi-ios-training/Info.plist";
				INFOPLIST_KEY_UIApplicationSupportsIndirectInputEvents = YES;
				INFOPLIST_KEY_UILaunchStoryboardName = LaunchScreen;
				INFOPLIST_KEY_UIMainStoryboardFile = Launch;
				INFOPLIST_KEY_UISupportedInterfaceOrientations_iPad = "UIInterfaceOrientationPortrait UIInterfaceOrientationPortraitUpsideDown UIInterfaceOrientationLandscapeLeft UIInterfaceOrientationLandscapeRight";
				INFOPLIST_KEY_UISupportedInterfaceOrientations_iPhone = "UIInterfaceOrientationPortrait UIInterfaceOrientationLandscapeLeft UIInterfaceOrientationLandscapeRight";
				LD_RUNPATH_SEARCH_PATHS = (
					"$(inherited)",
					"@executable_path/Frameworks",
				);
				MARKETING_VERSION = 1.0;
				PRODUCT_BUNDLE_IDENTIFIER = "com.gmail.daikiumehara3.Yumemi-ios-training";
				PRODUCT_NAME = "$(TARGET_NAME)";
				SWIFT_EMIT_LOC_STRINGS = YES;
				SWIFT_VERSION = 5.0;
				TARGETED_DEVICE_FAMILY = "1,2";
			};
			name = Release;
		};
		700079322824B67A004088F8 /* Debug */ = {
			isa = XCBuildConfiguration;
			buildSettings = {
				ALWAYS_EMBED_SWIFT_STANDARD_LIBRARIES = YES;
				BUNDLE_LOADER = "$(TEST_HOST)";
				CODE_SIGN_STYLE = Automatic;
				CURRENT_PROJECT_VERSION = 1;
				DEVELOPMENT_TEAM = M4DFJLV2VG;
				GENERATE_INFOPLIST_FILE = YES;
				IPHONEOS_DEPLOYMENT_TARGET = 15.4;
				MARKETING_VERSION = 1.0;
				PRODUCT_BUNDLE_IDENTIFIER = "com.gmail.daikiumehara3.Yumemi-ios-trainingTests";
				PRODUCT_NAME = "$(TARGET_NAME)";
				SWIFT_EMIT_LOC_STRINGS = NO;
				SWIFT_VERSION = 5.0;
				TARGETED_DEVICE_FAMILY = "1,2";
				TEST_HOST = "$(BUILT_PRODUCTS_DIR)/Yumemi-ios-training.app/Yumemi-ios-training";
			};
			name = Debug;
		};
		700079332824B67A004088F8 /* Release */ = {
			isa = XCBuildConfiguration;
			buildSettings = {
				ALWAYS_EMBED_SWIFT_STANDARD_LIBRARIES = YES;
				BUNDLE_LOADER = "$(TEST_HOST)";
				CODE_SIGN_STYLE = Automatic;
				CURRENT_PROJECT_VERSION = 1;
				DEVELOPMENT_TEAM = M4DFJLV2VG;
				GENERATE_INFOPLIST_FILE = YES;
				IPHONEOS_DEPLOYMENT_TARGET = 15.4;
				MARKETING_VERSION = 1.0;
				PRODUCT_BUNDLE_IDENTIFIER = "com.gmail.daikiumehara3.Yumemi-ios-trainingTests";
				PRODUCT_NAME = "$(TARGET_NAME)";
				SWIFT_EMIT_LOC_STRINGS = NO;
				SWIFT_VERSION = 5.0;
				TARGETED_DEVICE_FAMILY = "1,2";
				TEST_HOST = "$(BUILT_PRODUCTS_DIR)/Yumemi-ios-training.app/Yumemi-ios-training";
			};
			name = Release;
		};
		700079352824B67A004088F8 /* Debug */ = {
			isa = XCBuildConfiguration;
			buildSettings = {
				ALWAYS_EMBED_SWIFT_STANDARD_LIBRARIES = YES;
				CODE_SIGN_STYLE = Automatic;
				CURRENT_PROJECT_VERSION = 1;
				DEVELOPMENT_TEAM = M4DFJLV2VG;
				GENERATE_INFOPLIST_FILE = YES;
				MARKETING_VERSION = 1.0;
				PRODUCT_BUNDLE_IDENTIFIER = "com.gmail.daikiumehara3.Yumemi-ios-trainingUITests";
				PRODUCT_NAME = "$(TARGET_NAME)";
				SWIFT_EMIT_LOC_STRINGS = NO;
				SWIFT_VERSION = 5.0;
				TARGETED_DEVICE_FAMILY = "1,2";
				TEST_TARGET_NAME = "Yumemi-ios-training";
			};
			name = Debug;
		};
		700079362824B67A004088F8 /* Release */ = {
			isa = XCBuildConfiguration;
			buildSettings = {
				ALWAYS_EMBED_SWIFT_STANDARD_LIBRARIES = YES;
				CODE_SIGN_STYLE = Automatic;
				CURRENT_PROJECT_VERSION = 1;
				DEVELOPMENT_TEAM = M4DFJLV2VG;
				GENERATE_INFOPLIST_FILE = YES;
				MARKETING_VERSION = 1.0;
				PRODUCT_BUNDLE_IDENTIFIER = "com.gmail.daikiumehara3.Yumemi-ios-trainingUITests";
				PRODUCT_NAME = "$(TARGET_NAME)";
				SWIFT_EMIT_LOC_STRINGS = NO;
				SWIFT_VERSION = 5.0;
				TARGETED_DEVICE_FAMILY = "1,2";
				TEST_TARGET_NAME = "Yumemi-ios-training";
			};
			name = Release;
		};
/* End XCBuildConfiguration section */

/* Begin XCConfigurationList section */
		700078FF2824B678004088F8 /* Build configuration list for PBXProject "Yumemi-ios-training" */ = {
			isa = XCConfigurationList;
			buildConfigurations = (
				7000792C2824B67A004088F8 /* Debug */,
				7000792D2824B67A004088F8 /* Release */,
			);
			defaultConfigurationIsVisible = 0;
			defaultConfigurationName = Release;
		};
		7000792E2824B67A004088F8 /* Build configuration list for PBXNativeTarget "Yumemi-ios-training" */ = {
			isa = XCConfigurationList;
			buildConfigurations = (
				7000792F2824B67A004088F8 /* Debug */,
				700079302824B67A004088F8 /* Release */,
			);
			defaultConfigurationIsVisible = 0;
			defaultConfigurationName = Release;
		};
		700079312824B67A004088F8 /* Build configuration list for PBXNativeTarget "Yumemi-ios-trainingTests" */ = {
			isa = XCConfigurationList;
			buildConfigurations = (
				700079322824B67A004088F8 /* Debug */,
				700079332824B67A004088F8 /* Release */,
			);
			defaultConfigurationIsVisible = 0;
			defaultConfigurationName = Release;
		};
		700079342824B67A004088F8 /* Build configuration list for PBXNativeTarget "Yumemi-ios-trainingUITests" */ = {
			isa = XCConfigurationList;
			buildConfigurations = (
				700079352824B67A004088F8 /* Debug */,
				700079362824B67A004088F8 /* Release */,
			);
			defaultConfigurationIsVisible = 0;
			defaultConfigurationName = Release;
		};
/* End XCConfigurationList section */

/* Begin XCRemoteSwiftPackageReference section */
		700079372824BA5D004088F8 /* XCRemoteSwiftPackageReference "ios-training" */ = {
			isa = XCRemoteSwiftPackageReference;
			repositoryURL = "https://github.com/yumemi-inc/ios-training.git";
			requirement = {
				branch = main;
				kind = branch;
			};
		};
/* End XCRemoteSwiftPackageReference section */

/* Begin XCSwiftPackageProductDependency section */
		700079382824BA5D004088F8 /* YumemiWeather */ = {
			isa = XCSwiftPackageProductDependency;
			package = 700079372824BA5D004088F8 /* XCRemoteSwiftPackageReference "ios-training" */;
			productName = YumemiWeather;
		};
/* End XCSwiftPackageProductDependency section */
	};
	rootObject = 700078FC2824B678004088F8 /* Project object */;
}
